
Microsoft Visual Studio Solution File, Format Version 12.00
# Visual Studio Version 17
VisualStudioVersion = 17.8.34322.80
MinimumVisualStudioVersion = 10.0.40219.1
Project("{FAE04EC0-301F-11D3-BF4B-00C04F79EFBC}") = "WebApplication1", "WebApplication1.csproj", "{87FF2AA3-F880-44C5-9B79-1D1D705D7FA7}"
EndProject
Global
	GlobalSection(SolutionConfigurationPlatforms) = preSolution
		Debug|Any CPU = Debug|Any CPU
		Release|Any CPU = Release|Any CPU
	EndGlobalSection
	GlobalSection(ProjectConfigurationPlatforms) = postSolution
		{87FF2AA3-F880-44C5-9B79-1D1D705D7FA7}.Debug|Any CPU.ActiveCfg = Debug|Any CPU
		{87FF2AA3-F880-44C5-9B79-1D1D705D7FA7}.Debug|Any CPU.Build.0 = Debug|Any CPU
		{87FF2AA3-F880-44C5-9B79-1D1D705D7FA7}.Release|Any CPU.ActiveCfg = Release|Any CPU
		{87FF2AA3-F880-44C5-9B79-1D1D705D7FA7}.Release|Any CPU.Build.0 = Release|Any CPU
	EndGlobalSection
	GlobalSection(SolutionProperties) = preSolution
		HideSolutionNode = FALSE
	EndGlobalSection
	GlobalSection(ExtensibilityGlobals) = postSolution
		SolutionGuid = {AD707BFF-3335-47DC-8700-722379F5CB2F}
	EndGlobalSection
EndGlobal
